
Microsoft Visual Studio Solution File, Format Version 12.00
# Visual Studio Version 17
VisualStudioVersion = 17.8.34330.188
MinimumVisualStudioVersion = 10.0.40219.1
Project("{FAE04EC0-301F-11D3-BF4B-00C04F79EFBC}") = "Week15OOPAndFiles", "Week15OOPAndFiles.csproj", "{DFA84FA3-C37D-4D62-B801-3D2CCF79A860}"
EndProject
Global
	GlobalSection(SolutionConfigurationPlatforms) = preSolution
		Debug|Any CPU = Debug|Any CPU
		Release|Any CPU = Release|Any CPU
	EndGlobalSection
	GlobalSection(ProjectConfigurationPlatforms) = postSolution
		{DFA84FA3-C37D-4D62-B801-3D2CCF79A860}.Debug|Any CPU.ActiveCfg = Debug|Any CPU
		{DFA84FA3-C37D-4D62-B801-3D2CCF79A860}.Debug|Any CPU.Build.0 = Debug|Any CPU
		{DFA84FA3-C37D-4D62-B801-3D2CCF79A860}.Release|Any CPU.ActiveCfg = Release|Any CPU
		{DFA84FA3-C37D-4D62-B801-3D2CCF79A860}.Release|Any CPU.Build.0 = Release|Any CPU
	EndGlobalSection
	GlobalSection(SolutionProperties) = preSolution
		HideSolutionNode = FALSE
	EndGlobalSection
	GlobalSection(ExtensibilityGlobals) = postSolution
		SolutionGuid = {E8101F06-F503-417B-9083-5487652317B0}
	EndGlobalSection
EndGlobal
